
Microsoft Visual Studio Solution File, Format Version 12.00
# Visual Studio 2013
VisualStudioVersion = 12.0.31101.0
MinimumVisualStudioVersion = 10.0.40219.1
Project("{FAE04EC0-301F-11D3-BF4B-00C04F79EFBC}") = "FirstSpecFlow", "FirstSpecFlow\FirstSpecFlow.csproj", "{4BD76E15-EDBA-457B-ADC0-0A7DC6592883}"
EndProject
Project("{FAE04EC0-301F-11D3-BF4B-00C04F79EFBC}") = "CalculatorLibrary", "CalculatorLibrary\CalculatorLibrary.csproj", "{9E767538-0CE8-477A-BC36-F65FFEA5B14A}"
EndProject
Global
	GlobalSection(SolutionConfigurationPlatforms) = preSolution
		Debug|Any CPU = Debug|Any CPU
		Release|Any CPU = Release|Any CPU
	EndGlobalSection
	GlobalSection(ProjectConfigurationPlatforms) = postSolution
		{4BD76E15-EDBA-457B-ADC0-0A7DC6592883}.Debug|Any CPU.ActiveCfg = Debug|Any CPU
		{4BD76E15-EDBA-457B-ADC0-0A7DC6592883}.Debug|Any CPU.Build.0 = Debug|Any CPU
		{4BD76E15-EDBA-457B-ADC0-0A7DC6592883}.Release|Any CPU.ActiveCfg = Release|Any CPU
		{4BD76E15-EDBA-457B-ADC0-0A7DC6592883}.Release|Any CPU.Build.0 = Release|Any CPU
		{9E767538-0CE8-477A-BC36-F65FFEA5B14A}.Debug|Any CPU.ActiveCfg = Debug|Any CPU
		{9E767538-0CE8-477A-BC36-F65FFEA5B14A}.Debug|Any CPU.Build.0 = Debug|Any CPU
		{9E767538-0CE8-477A-BC36-F65FFEA5B14A}.Release|Any CPU.ActiveCfg = Release|Any CPU
		{9E767538-0CE8-477A-BC36-F65FFEA5B14A}.Release|Any CPU.Build.0 = Release|Any CPU
	EndGlobalSection
	GlobalSection(SolutionProperties) = preSolution
		HideSolutionNode = FALSE
	EndGlobalSection
EndGlobal
