
Microsoft Visual Studio Solution File, Format Version 12.00
# Visual Studio 14
VisualStudioVersion = 14.0.24720.0
MinimumVisualStudioVersion = 10.0.40219.1
Project("{9092AA53-FB77-4645-B42D-1CCCA6BD08BD}") = "S3 Test", "S3 Test.njsproj", "{BDA1D1FD-B0D4-4DAD-8C07-7CE4E11F5F11}"
EndProject
Global
	GlobalSection(SolutionConfigurationPlatforms) = preSolution
		Debug|Any CPU = Debug|Any CPU
		Release|Any CPU = Release|Any CPU
	EndGlobalSection
	GlobalSection(ProjectConfigurationPlatforms) = postSolution
		{BDA1D1FD-B0D4-4DAD-8C07-7CE4E11F5F11}.Debug|Any CPU.ActiveCfg = Debug|Any CPU
		{BDA1D1FD-B0D4-4DAD-8C07-7CE4E11F5F11}.Debug|Any CPU.Build.0 = Debug|Any CPU
		{BDA1D1FD-B0D4-4DAD-8C07-7CE4E11F5F11}.Release|Any CPU.ActiveCfg = Release|Any CPU
		{BDA1D1FD-B0D4-4DAD-8C07-7CE4E11F5F11}.Release|Any CPU.Build.0 = Release|Any CPU
	EndGlobalSection
	GlobalSection(SolutionProperties) = preSolution
		HideSolutionNode = FALSE
	EndGlobalSection
EndGlobal
